
Microsoft Visual Studio Solution File, Format Version 12.00
# Visual Studio Version 16
VisualStudioVersion = 16.0.31205.134
MinimumVisualStudioVersion = 10.0.40219.1
Project("{FAE04EC0-301F-11D3-BF4B-00C04F79EFBC}") = "TatliSozlukProjectUI", "TatliSozlukProject\TatliSozlukProjectUI.csproj", "{C3D329F0-3533-416E-90AD-34BCA88C33F8}"
EndProject
Project("{FAE04EC0-301F-11D3-BF4B-00C04F79EFBC}") = "Entities", "Entities\Entities.csproj", "{AEBC8DCA-5DD3-4A16-8374-3A7042703A49}"
EndProject
Project("{FAE04EC0-301F-11D3-BF4B-00C04F79EFBC}") = "DataAccessLayer", "DataAccessLayer\DataAccessLayer.csproj", "{DA321331-B93E-4F70-AF41-A4843DFA3CE9}"
EndProject
Project("{FAE04EC0-301F-11D3-BF4B-00C04F79EFBC}") = "BusinessLayer", "BusinessLayer\BusinessLayer.csproj", "{32BC29B7-1E2F-46D4-8C77-838924D5B321}"
EndProject
Global
	GlobalSection(SolutionConfigurationPlatforms) = preSolution
		Debug|Any CPU = Debug|Any CPU
		Release|Any CPU = Release|Any CPU
	EndGlobalSection
	GlobalSection(ProjectConfigurationPlatforms) = postSolution
		{C3D329F0-3533-416E-90AD-34BCA88C33F8}.Debug|Any CPU.ActiveCfg = Debug|Any CPU
		{C3D329F0-3533-416E-90AD-34BCA88C33F8}.Debug|Any CPU.Build.0 = Debug|Any CPU
		{C3D329F0-3533-416E-90AD-34BCA88C33F8}.Release|Any CPU.ActiveCfg = Release|Any CPU
		{C3D329F0-3533-416E-90AD-34BCA88C33F8}.Release|Any CPU.Build.0 = Release|Any CPU
		{AEBC8DCA-5DD3-4A16-8374-3A7042703A49}.Debug|Any CPU.ActiveCfg = Debug|Any CPU
		{AEBC8DCA-5DD3-4A16-8374-3A7042703A49}.Debug|Any CPU.Build.0 = Debug|Any CPU
		{AEBC8DCA-5DD3-4A16-8374-3A7042703A49}.Release|Any CPU.ActiveCfg = Release|Any CPU
		{AEBC8DCA-5DD3-4A16-8374-3A7042703A49}.Release|Any CPU.Build.0 = Release|Any CPU
		{DA321331-B93E-4F70-AF41-A4843DFA3CE9}.Debug|Any CPU.ActiveCfg = Debug|Any CPU
		{DA321331-B93E-4F70-AF41-A4843DFA3CE9}.Debug|Any CPU.Build.0 = Debug|Any CPU
		{DA321331-B93E-4F70-AF41-A4843DFA3CE9}.Release|Any CPU.ActiveCfg = Release|Any CPU
		{DA321331-B93E-4F70-AF41-A4843DFA3CE9}.Release|Any CPU.Build.0 = Release|Any CPU
		{32BC29B7-1E2F-46D4-8C77-838924D5B321}.Debug|Any CPU.ActiveCfg = Debug|Any CPU
		{32BC29B7-1E2F-46D4-8C77-838924D5B321}.Debug|Any CPU.Build.0 = Debug|Any CPU
		{32BC29B7-1E2F-46D4-8C77-838924D5B321}.Release|Any CPU.ActiveCfg = Release|Any CPU
		{32BC29B7-1E2F-46D4-8C77-838924D5B321}.Release|Any CPU.Build.0 = Release|Any CPU
	EndGlobalSection
	GlobalSection(SolutionProperties) = preSolution
		HideSolutionNode = FALSE
	EndGlobalSection
	GlobalSection(ExtensibilityGlobals) = postSolution
		SolutionGuid = {99B01E8A-5D07-40EC-B566-52B17D8189D2}
	EndGlobalSection
EndGlobal
